
Microsoft Visual Studio Solution File, Format Version 12.00
# Visual Studio Version 16
VisualStudioVersion = 16.0.31424.327
MinimumVisualStudioVersion = 10.0.40219.1
Project("{FAE04EC0-301F-11D3-BF4B-00C04F79EFBC}") = "WebApiInvocationServices", "WebApiInvocationServices\WebApiInvocationServices.csproj", "{DDEE11A0-7D57-4A90-A76D-489109AD762B}"
EndProject
Global
	GlobalSection(SolutionConfigurationPlatforms) = preSolution
		Debug|Any CPU = Debug|Any CPU
		Release|Any CPU = Release|Any CPU
	EndGlobalSection
	GlobalSection(ProjectConfigurationPlatforms) = postSolution
		{DDEE11A0-7D57-4A90-A76D-489109AD762B}.Debug|Any CPU.ActiveCfg = Debug|Any CPU
		{DDEE11A0-7D57-4A90-A76D-489109AD762B}.Debug|Any CPU.Build.0 = Debug|Any CPU
		{DDEE11A0-7D57-4A90-A76D-489109AD762B}.Release|Any CPU.ActiveCfg = Release|Any CPU
		{DDEE11A0-7D57-4A90-A76D-489109AD762B}.Release|Any CPU.Build.0 = Release|Any CPU
	EndGlobalSection
	GlobalSection(SolutionProperties) = preSolution
		HideSolutionNode = FALSE
	EndGlobalSection
	GlobalSection(ExtensibilityGlobals) = postSolution
		SolutionGuid = {0C762532-DBD3-4824-ADA1-BE4D23F3A71E}
	EndGlobalSection
EndGlobal
